{
  "name": "screeps-arena-ai",
  "version": "1.0.0",
  "lockfileVersion": 3,
  "requires": true,
  "packages": {
    "": {
      "name": "screeps-arena-ai",
      "version": "1.0.0",
      "license": "MIT",
      "dependencies": {
        "@types/screeps-arena": "^1.0.0"
      }
    },
    "node_modules/@types/screeps-arena": {
      "version": "1.0.0",
      "resolved": "https://registry.npmjs.org/@types/screeps-arena/-/screeps-arena-1.0.0.tgz",
      "integrity": "sha512-PkuZB0Sz+LoA23VLgizfmtWnqkzUnNvv+9zUNs+95mTv7r3oiiAVzMegpta5XlALYilJqMePWgKsBhfUQBowKw=="
    }
  }
}
